Microsoft Visual Studio Solution File, Format Version 12.00
# Visual Studio 15
VisualStudioVersion = 15.0.27130.2027
MinimumVisualStudioVersion = 15.0.26124.0
Project("{9A19103F-16F7-4668-BE54-9A1E7A4F7556}") = "NorthwindBlazor.Server", "NorthwindBlazor.Server\NorthwindBlazor.Server.csproj", "{FBB1686A-2336-4B78-8B44-01475071F7A7}"
EndProject
Project("{9A19103F-16F7-4668-BE54-9A1E7A4F7556}") = "NorthwindBlazor.Client", "NorthwindBlazor.Client\NorthwindBlazor.Client.csproj", "{7DD35AEE-8AB2-4390-A0BA-02A4B9ED52A9}"
EndProject
Project("{9A19103F-16F7-4668-BE54-9A1E7A4F7556}") = "NorthwindBlazor.Shared", "NorthwindBlazor.Shared\NorthwindBlazor.Shared.csproj", "{3B1515B8-E3FA-4E7A-B06D-6C480A37F672}"
EndProject
Project("{FAE04EC0-301F-11D3-BF4B-00C04F79EFBC}") = "Northwind", "Northwind\Northwind.csproj", "{0CD43B44-9848-442D-9C31-4A5CEDA371E2}"
EndProject
Project("{FAE04EC0-301F-11D3-BF4B-00C04F79EFBC}") = "NorthwindMigrations", "NorthwindMigrations\NorthwindMigrations.csproj", "{618426C5-5D82-41C9-AE5C-CF83A1F372AD}"
EndProject
Project("{FAE04EC0-301F-11D3-BF4B-00C04F79EFBC}") = "NorthwindApplication", "NorthwindApplication\NorthwindApplication.csproj", "{CDE0367A-E132-4650-BB81-ABDCB752A6D2}"
EndProject
Global
	GlobalSection(SolutionConfigurationPlatforms) = preSolution
		Debug|Any CPU = Debug|Any CPU
		Debug|x64 = Debug|x64
		Debug|x86 = Debug|x86
		Release|Any CPU = Release|Any CPU
		Release|x64 = Release|x64
		Release|x86 = Release|x86
	EndGlobalSection
	GlobalSection(ProjectConfigurationPlatforms) = postSolution
		{7DD35AEE-8AB2-4390-A0BA-02A4B9ED52A9}.Debug|Any CPU.ActiveCfg = Debug|Any CPU
		{7DD35AEE-8AB2-4390-A0BA-02A4B9ED52A9}.Debug|Any CPU.Build.0 = Debug|Any CPU
		{7DD35AEE-8AB2-4390-A0BA-02A4B9ED52A9}.Debug|x64.ActiveCfg = Debug|Any CPU
		{7DD35AEE-8AB2-4390-A0BA-02A4B9ED52A9}.Debug|x64.Build.0 = Debug|Any CPU
		{7DD35AEE-8AB2-4390-A0BA-02A4B9ED52A9}.Debug|x86.ActiveCfg = Debug|Any CPU
		{7DD35AEE-8AB2-4390-A0BA-02A4B9ED52A9}.Debug|x86.Build.0 = Debug|Any CPU
		{7DD35AEE-8AB2-4390-A0BA-02A4B9ED52A9}.Release|Any CPU.ActiveCfg = Release|Any CPU
		{7DD35AEE-8AB2-4390-A0BA-02A4B9ED52A9}.Release|Any CPU.Build.0 = Release|Any CPU
		{7DD35AEE-8AB2-4390-A0BA-02A4B9ED52A9}.Release|x64.ActiveCfg = Release|Any CPU
		{7DD35AEE-8AB2-4390-A0BA-02A4B9ED52A9}.Release|x64.Build.0 = Release|Any CPU
		{7DD35AEE-8AB2-4390-A0BA-02A4B9ED52A9}.Release|x86.ActiveCfg = Release|Any CPU
		{7DD35AEE-8AB2-4390-A0BA-02A4B9ED52A9}.Release|x86.Build.0 = Release|Any CPU
		{FBB1686A-2336-4B78-8B44-01475071F7A7}.Debug|Any CPU.ActiveCfg = Debug|Any CPU
		{FBB1686A-2336-4B78-8B44-01475071F7A7}.Debug|Any CPU.Build.0 = Debug|Any CPU
		{FBB1686A-2336-4B78-8B44-01475071F7A7}.Debug|x64.ActiveCfg = Debug|Any CPU
		{FBB1686A-2336-4B78-8B44-01475071F7A7}.Debug|x64.Build.0 = Debug|Any CPU
		{FBB1686A-2336-4B78-8B44-01475071F7A7}.Debug|x86.ActiveCfg = Debug|Any CPU
		{FBB1686A-2336-4B78-8B44-01475071F7A7}.Debug|x86.Build.0 = Debug|Any CPU
		{FBB1686A-2336-4B78-8B44-01475071F7A7}.Release|Any CPU.ActiveCfg = Release|Any CPU
		{FBB1686A-2336-4B78-8B44-01475071F7A7}.Release|Any CPU.Build.0 = Release|Any CPU
		{FBB1686A-2336-4B78-8B44-01475071F7A7}.Release|x64.ActiveCfg = Release|Any CPU
		{FBB1686A-2336-4B78-8B44-01475071F7A7}.Release|x64.Build.0 = Release|Any CPU
		{FBB1686A-2336-4B78-8B44-01475071F7A7}.Release|x86.ActiveCfg = Release|Any CPU
		{FBB1686A-2336-4B78-8B44-01475071F7A7}.Release|x86.Build.0 = Release|Any CPU
		{3B1515B8-E3FA-4E7A-B06D-6C480A37F672}.Debug|Any CPU.ActiveCfg = Debug|Any CPU
		{3B1515B8-E3FA-4E7A-B06D-6C480A37F672}.Debug|Any CPU.Build.0 = Debug|Any CPU
		{3B1515B8-E3FA-4E7A-B06D-6C480A37F672}.Debug|x64.ActiveCfg = Debug|Any CPU
		{3B1515B8-E3FA-4E7A-B06D-6C480A37F672}.Debug|x64.Build.0 = Debug|Any CPU
		{3B1515B8-E3FA-4E7A-B06D-6C480A37F672}.Debug|x86.ActiveCfg = Debug|Any CPU
		{3B1515B8-E3FA-4E7A-B06D-6C480A37F672}.Debug|x86.Build.0 = Debug|Any CPU
		{3B1515B8-E3FA-4E7A-B06D-6C480A37F672}.Release|Any CPU.ActiveCfg = Release|Any CPU
		{3B1515B8-E3FA-4E7A-B06D-6C480A37F672}.Release|Any CPU.Build.0 = Release|Any CPU
		{3B1515B8-E3FA-4E7A-B06D-6C480A37F672}.Release|x64.ActiveCfg = Release|Any CPU
		{3B1515B8-E3FA-4E7A-B06D-6C480A37F672}.Release|x64.Build.0 = Release|Any CPU
		{3B1515B8-E3FA-4E7A-B06D-6C480A37F672}.Release|x86.ActiveCfg = Release|Any CPU
		{3B1515B8-E3FA-4E7A-B06D-6C480A37F672}.Release|x86.Build.0 = Release|Any CPU
		{0CD43B44-9848-442D-9C31-4A5CEDA371E2}.Debug|Any CPU.ActiveCfg = Debug|Any CPU
		{0CD43B44-9848-442D-9C31-4A5CEDA371E2}.Debug|Any CPU.Build.0 = Debug|Any CPU
		{0CD43B44-9848-442D-9C31-4A5CEDA371E2}.Debug|x64.ActiveCfg = Debug|Any CPU
		{0CD43B44-9848-442D-9C31-4A5CEDA371E2}.Debug|x64.Build.0 = Debug|Any CPU
		{0CD43B44-9848-442D-9C31-4A5CEDA371E2}.Debug|x86.ActiveCfg = Debug|Any CPU
		{0CD43B44-9848-442D-9C31-4A5CEDA371E2}.Debug|x86.Build.0 = Debug|Any CPU
		{0CD43B44-9848-442D-9C31-4A5CEDA371E2}.Release|Any CPU.ActiveCfg = Release|Any CPU
		{0CD43B44-9848-442D-9C31-4A5CEDA371E2}.Release|Any CPU.Build.0 = Release|Any CPU
		{0CD43B44-9848-442D-9C31-4A5CEDA371E2}.Release|x64.ActiveCfg = Release|Any CPU
		{0CD43B44-9848-442D-9C31-4A5CEDA371E2}.Release|x64.Build.0 = Release|Any CPU
		{0CD43B44-9848-442D-9C31-4A5CEDA371E2}.Release|x86.ActiveCfg = Release|Any CPU
		{0CD43B44-9848-442D-9C31-4A5CEDA371E2}.Release|x86.Build.0 = Release|Any CPU
		{618426C5-5D82-41C9-AE5C-CF83A1F372AD}.Debug|Any CPU.ActiveCfg = Debug|Any CPU
		{618426C5-5D82-41C9-AE5C-CF83A1F372AD}.Debug|Any CPU.Build.0 = Debug|Any CPU
		{618426C5-5D82-41C9-AE5C-CF83A1F372AD}.Debug|x64.ActiveCfg = Debug|Any CPU
		{618426C5-5D82-41C9-AE5C-CF83A1F372AD}.Debug|x64.Build.0 = Debug|Any CPU
		{618426C5-5D82-41C9-AE5C-CF83A1F372AD}.Debug|x86.ActiveCfg = Debug|Any CPU
		{618426C5-5D82-41C9-AE5C-CF83A1F372AD}.Debug|x86.Build.0 = Debug|Any CPU
		{618426C5-5D82-41C9-AE5C-CF83A1F372AD}.Release|Any CPU.ActiveCfg = Release|Any CPU
		{618426C5-5D82-41C9-AE5C-CF83A1F372AD}.Release|Any CPU.Build.0 = Release|Any CPU
		{618426C5-5D82-41C9-AE5C-CF83A1F372AD}.Release|x64.ActiveCfg = Release|Any CPU
		{618426C5-5D82-41C9-AE5C-CF83A1F372AD}.Release|x64.Build.0 = Release|Any CPU
		{618426C5-5D82-41C9-AE5C-CF83A1F372AD}.Release|x86.ActiveCfg = Release|Any CPU
		{618426C5-5D82-41C9-AE5C-CF83A1F372AD}.Release|x86.Build.0 = Release|Any CPU
		{CDE0367A-E132-4650-BB81-ABDCB752A6D2}.Debug|Any CPU.ActiveCfg = Debug|Any CPU
		{CDE0367A-E132-4650-BB81-ABDCB752A6D2}.Debug|Any CPU.Build.0 = Debug|Any CPU
		{CDE0367A-E132-4650-BB81-ABDCB752A6D2}.Debug|x64.ActiveCfg = Debug|Any CPU
		{CDE0367A-E132-4650-BB81-ABDCB752A6D2}.Debug|x64.Build.0 = Debug|Any CPU
		{CDE0367A-E132-4650-BB81-ABDCB752A6D2}.Debug|x86.ActiveCfg = Debug|Any CPU
		{CDE0367A-E132-4650-BB81-ABDCB752A6D2}.Debug|x86.Build.0 = Debug|Any CPU
		{CDE0367A-E132-4650-BB81-ABDCB752A6D2}.Release|Any CPU.ActiveCfg = Release|Any CPU
		{CDE0367A-E132-4650-BB81-ABDCB752A6D2}.Release|Any CPU.Build.0 = Release|Any CPU
		{CDE0367A-E132-4650-BB81-ABDCB752A6D2}.Release|x64.ActiveCfg = Release|Any CPU
		{CDE0367A-E132-4650-BB81-ABDCB752A6D2}.Release|x64.Build.0 = Release|Any CPU
		{CDE0367A-E132-4650-BB81-ABDCB752A6D2}.Release|x86.ActiveCfg = Release|Any CPU
		{CDE0367A-E132-4650-BB81-ABDCB752A6D2}.Release|x86.Build.0 = Release|Any CPU
	EndGlobalSection
	GlobalSection(SolutionProperties) = preSolution
		HideSolutionNode = FALSE
	EndGlobalSection
	GlobalSection(ExtensibilityGlobals) = postSolution
		SolutionGuid = {6BC3115B-6982-4913-817A-665BFF257BD2}
	EndGlobalSection
EndGlobal
